
Microsoft Visual Studio Solution File, Format Version 12.00
# Visual Studio Version 16
VisualStudioVersion = 16.0.29609.76
MinimumVisualStudioVersion = 10.0.40219.1
Project("{9A19103F-16F7-4668-BE54-9A1E7A4F7556}") = "AspNetCore.Reporting.Angular", "AspNetCore.Reporting.Angular\AspNetCore.Reporting.Angular.csproj", "{B3EAAA86-922E-4C20-BC56-C6207AF47E67}"
EndProject
Project("{9A19103F-16F7-4668-BE54-9A1E7A4F7556}") = "DevExpress.DataAccess.NetCore", "..\..\..\2020.1\Win\DevExpress.DataAccess\DevExpress.DataAccess\DevExpress.DataAccess.NetCore.csproj", "{1315B4A8-F5E4-48B3-AD81-7AF82D9FFCE1}"
EndProject
Project("{9A19103F-16F7-4668-BE54-9A1E7A4F7556}") = "DevExpress.AspNetCore.Reporting.NetCore", "..\..\..\2020.1\ASP\DevExpress.XtraReports.Web\DevExpress.AspNetCore.Reporting\DevExpress.AspNetCore.Reporting.NetCore.csproj", "{CEA25287-E90F-47BD-BBDE-D5F660C20C43}"
EndProject
Project("{9A19103F-16F7-4668-BE54-9A1E7A4F7556}") = "DevExpress.XtraReports.Web.NetCore", "..\..\..\2020.1\ASP\DevExpress.XtraReports.Web\DevExpress.XtraReports.Web\DevExpress.XtraReports.Web.NetCore.csproj", "{B45A933B-E1F8-4CE1-912A-0FC395027C84}"
EndProject
Project("{9A19103F-16F7-4668-BE54-9A1E7A4F7556}") = "AspNetCore.Reporting.MVC", "AspNetCore.Reporting.MVC\AspNetCore.Reporting.MVC.csproj", "{44F52FCF-1873-441A-8E68-E07F481ECAFB}"
EndProject
Project("{FAE04EC0-301F-11D3-BF4B-00C04F79EFBC}") = "AspNetCore.Reporting.Common", "AspNetCore.Reporting.Common\AspNetCore.Reporting.Common.csproj", "{7833DDFA-3A78-4164-97C7-97E1A05A21E8}"
EndProject
Global
	GlobalSection(SolutionConfigurationPlatforms) = preSolution
		Debug|Any CPU = Debug|Any CPU
		Release|Any CPU = Release|Any CPU
	EndGlobalSection
	GlobalSection(ProjectConfigurationPlatforms) = postSolution
		{B3EAAA86-922E-4C20-BC56-C6207AF47E67}.Debug|Any CPU.ActiveCfg = Debug|Any CPU
		{B3EAAA86-922E-4C20-BC56-C6207AF47E67}.Debug|Any CPU.Build.0 = Debug|Any CPU
		{B3EAAA86-922E-4C20-BC56-C6207AF47E67}.Release|Any CPU.ActiveCfg = Release|Any CPU
		{B3EAAA86-922E-4C20-BC56-C6207AF47E67}.Release|Any CPU.Build.0 = Release|Any CPU
		{1315B4A8-F5E4-48B3-AD81-7AF82D9FFCE1}.Debug|Any CPU.ActiveCfg = Debug|Any CPU
		{1315B4A8-F5E4-48B3-AD81-7AF82D9FFCE1}.Debug|Any CPU.Build.0 = Debug|Any CPU
		{1315B4A8-F5E4-48B3-AD81-7AF82D9FFCE1}.Release|Any CPU.ActiveCfg = Release|Any CPU
		{1315B4A8-F5E4-48B3-AD81-7AF82D9FFCE1}.Release|Any CPU.Build.0 = Release|Any CPU
		{CEA25287-E90F-47BD-BBDE-D5F660C20C43}.Debug|Any CPU.ActiveCfg = Debug|Any CPU
		{CEA25287-E90F-47BD-BBDE-D5F660C20C43}.Debug|Any CPU.Build.0 = Debug|Any CPU
		{CEA25287-E90F-47BD-BBDE-D5F660C20C43}.Release|Any CPU.ActiveCfg = Release|Any CPU
		{CEA25287-E90F-47BD-BBDE-D5F660C20C43}.Release|Any CPU.Build.0 = Release|Any CPU
		{B45A933B-E1F8-4CE1-912A-0FC395027C84}.Debug|Any CPU.ActiveCfg = Debug|Any CPU
		{B45A933B-E1F8-4CE1-912A-0FC395027C84}.Debug|Any CPU.Build.0 = Debug|Any CPU
		{B45A933B-E1F8-4CE1-912A-0FC395027C84}.Release|Any CPU.ActiveCfg = Release|Any CPU
		{B45A933B-E1F8-4CE1-912A-0FC395027C84}.Release|Any CPU.Build.0 = Release|Any CPU
		{44F52FCF-1873-441A-8E68-E07F481ECAFB}.Debug|Any CPU.ActiveCfg = Debug|Any CPU
		{44F52FCF-1873-441A-8E68-E07F481ECAFB}.Debug|Any CPU.Build.0 = Debug|Any CPU
		{44F52FCF-1873-441A-8E68-E07F481ECAFB}.Release|Any CPU.ActiveCfg = Release|Any CPU
		{44F52FCF-1873-441A-8E68-E07F481ECAFB}.Release|Any CPU.Build.0 = Release|Any CPU
		{7833DDFA-3A78-4164-97C7-97E1A05A21E8}.Debug|Any CPU.ActiveCfg = Debug|Any CPU
		{7833DDFA-3A78-4164-97C7-97E1A05A21E8}.Debug|Any CPU.Build.0 = Debug|Any CPU
		{7833DDFA-3A78-4164-97C7-97E1A05A21E8}.Release|Any CPU.ActiveCfg = Release|Any CPU
		{7833DDFA-3A78-4164-97C7-97E1A05A21E8}.Release|Any CPU.Build.0 = Release|Any CPU
	EndGlobalSection
	GlobalSection(SolutionProperties) = preSolution
		HideSolutionNode = FALSE
	EndGlobalSection
	GlobalSection(ExtensibilityGlobals) = postSolution
		SolutionGuid = {22A09E52-4959-4C33-9666-EA256DE5FB63}
	EndGlobalSection
EndGlobal
